
Microsoft Visual Studio Solution File, Format Version 12.00
# Visual Studio Version 18
VisualStudioVersion = 18.2.11415.280 d18.0
MinimumVisualStudioVersion = 10.0.40219.1
Project("{9A19103F-16F7-4668-BE54-9A1E7A4F7556}") = "VDT.Core.Blazor.Wizard", "VDT.Core.Blazor.Wizard\VDT.Core.Blazor.Wizard.csproj", "{6EEF865C-06A4-4FF9-B607-A2EA1BE9F04E}"
EndProject
Project("{9A19103F-16F7-4668-BE54-9A1E7A4F7556}") = "VDT.Core.Blazor.Wizard.Tests", "VDT.Core.Blazor.Wizard.Tests\VDT.Core.Blazor.Wizard.Tests.csproj", "{394B2145-FBCE-4DB8-AF57-30876F7CCB22}"
EndProject
Project("{9A19103F-16F7-4668-BE54-9A1E7A4F7556}") = "VDT.Core.Blazor.Wizard.Examples", "VDT.Core.Blazor.Wizard.Examples\VDT.Core.Blazor.Wizard.Examples.csproj", "{B0FB2D66-8B53-4A6D-B482-76C1F1C392A9}"
EndProject
Global
	GlobalSection(SolutionConfigurationPlatforms) = preSolution
		Debug|Any CPU = Debug|Any CPU
		Release|Any CPU = Release|Any CPU
	EndGlobalSection
	GlobalSection(ProjectConfigurationPlatforms) = postSolution
		{6EEF865C-06A4-4FF9-B607-A2EA1BE9F04E}.Debug|Any CPU.ActiveCfg = Debug|Any CPU
		{6EEF865C-06A4-4FF9-B607-A2EA1BE9F04E}.Debug|Any CPU.Build.0 = Debug|Any CPU
		{6EEF865C-06A4-4FF9-B607-A2EA1BE9F04E}.Release|Any CPU.ActiveCfg = Release|Any CPU
		{6EEF865C-06A4-4FF9-B607-A2EA1BE9F04E}.Release|Any CPU.Build.0 = Release|Any CPU
		{394B2145-FBCE-4DB8-AF57-30876F7CCB22}.Debug|Any CPU.ActiveCfg = Debug|Any CPU
		{394B2145-FBCE-4DB8-AF57-30876F7CCB22}.Debug|Any CPU.Build.0 = Debug|Any CPU
		{394B2145-FBCE-4DB8-AF57-30876F7CCB22}.Release|Any CPU.ActiveCfg = Release|Any CPU
		{394B2145-FBCE-4DB8-AF57-30876F7CCB22}.Release|Any CPU.Build.0 = Release|Any CPU
		{B0FB2D66-8B53-4A6D-B482-76C1F1C392A9}.Debug|Any CPU.ActiveCfg = Debug|Any CPU
		{B0FB2D66-8B53-4A6D-B482-76C1F1C392A9}.Debug|Any CPU.Build.0 = Debug|Any CPU
		{B0FB2D66-8B53-4A6D-B482-76C1F1C392A9}.Release|Any CPU.ActiveCfg = Release|Any CPU
		{B0FB2D66-8B53-4A6D-B482-76C1F1C392A9}.Release|Any CPU.Build.0 = Release|Any CPU
	EndGlobalSection
	GlobalSection(SolutionProperties) = preSolution
		HideSolutionNode = FALSE
	EndGlobalSection
	GlobalSection(ExtensibilityGlobals) = postSolution
		SolutionGuid = {EF068B89-96E4-404C-B09B-EFE82F571D81}
	EndGlobalSection
EndGlobal
